
Microsoft Visual Studio Solution File, Format Version 12.00
# Visual Studio Version 17
VisualStudioVersion = 17.14.37628.2 d17.14
MinimumVisualStudioVersion = 10.0.40219.1
Project("{FAE04EC0-301F-11D3-BF4B-00C04F79EFBC}") = "GitOperationTool", "GitOperationTool\GitOperationTool.csproj", "{EE8A27ED-2DBE-45D5-80A5-F282BA8420A8}"
EndProject
Global
	GlobalSection(SolutionConfigurationPlatforms) = preSolution
		Debug|Any CPU = Debug|Any CPU
		Release|Any CPU = Release|Any CPU
	EndGlobalSection
	GlobalSection(ProjectConfigurationPlatforms) = postSolution
		{EE8A27ED-2DBE-45D5-80A5-F282BA8420A8}.Debug|Any CPU.ActiveCfg = Debug|Any CPU
		{EE8A27ED-2DBE-45D5-80A5-F282BA8420A8}.Debug|Any CPU.Build.0 = Debug|Any CPU
		{EE8A27ED-2DBE-45D5-80A5-F282BA8420A8}.Release|Any CPU.ActiveCfg = Release|Any CPU
		{EE8A27ED-2DBE-45D5-80A5-F282BA8420A8}.Release|Any CPU.Build.0 = Release|Any CPU
	EndGlobalSection
	GlobalSection(SolutionProperties) = preSolution
		HideSolutionNode = FALSE
	EndGlobalSection
	GlobalSection(ExtensibilityGlobals) = postSolution
		SolutionGuid = {10A1BBA4-113F-4CCF-8869-EF98E2D1A295}
	EndGlobalSection
EndGlobal
